// !$*UTF8*$!
{
	archiveVersion = 1;
	classes = {
	};
	objectVersion = 77;
	objects = {

/* Begin PBXContainerItemProxy section */
		C685FFBA2E08F21B008B6B77 /* PBXContainerItemProxy */ = {
			isa = PBXContainerItemProxy;
			containerPortal = C685FF9B2E08F219008B6B77 /* Project object */;
			proxyType = 1;
			remoteGlobalIDString = C685FFA22E08F219008B6B77;
			remoteInfo = FibTest;
		};
		C685FFC42E08F21B008B6B77 /* PBXContainerItemProxy */ = {
			isa = PBXContainerItemProxy;
			containerPortal = C685FF9B2E08F219008B6B77 /* Project object */;
			proxyType = 1;
			remoteGlobalIDString = C685FFA22E08F219008B6B77;
			remoteInfo = FibTest;
		};
/* End PBXContainerItemProxy section */

/* Begin PBXFileReference section */
		C685FFA32E08F219008B6B77 /* FibTest.app */ = {isa = PBXFileReference; explicitFileType = wrapper.application; includeInIndex = 0; path = FibTest.app; sourceTree = BUILT_PRODUCTS_DIR; };
		C685FFB92E08F21B008B6B77 /* FibTestTests.xctest */ = {isa = PBXFileReference; explicitFileType = wrapper.cfbundle; includeInIndex = 0; path = FibTestTests.xctest; sourceTree = BUILT_PRODUCTS_DIR; };
		C685FFC32E08F21B008B6B77 /* FibTestUITests.xctest */ = {isa = PBXFileReference; explicitFileType = wrapper.cfbundle; includeInIndex = 0; path = FibTestUITests.xctest; sourceTree = BUILT_PRODUCTS_DIR; };
/* End PBXFileReference section */

/* Begin PBXFileSystemSynchronizedBuildFileExceptionSet section */
		C685FFCB2E08F21B008B6B77 /* Exceptions for "FibTest" folder in "FibTest" target */ = {
			isa = PBXFileSystemSynchronizedBuildFileExceptionSet;
			membershipExceptions = (
				Info.plist,
			);
			target = C685FFA22E08F219008B6B77 /* FibTest */;
		};
/* End PBXFileSystemSynchronizedBuildFileExceptionSet section */

/* Begin PBXFileSystemSynchronizedRootGroup section */
		C685FFA52E08F219008B6B77 /* FibTest */ = {
			isa = PBXFileSystemSynchronizedRootGroup;
			exceptions = (
				C685FFCB2E08F21B008B6B77 /* Exceptions for "FibTest" folder in "FibTest" target */,
			);
			path = FibTest;
			sourceTree = "<group>";
		};
		C685FFBC2E08F21B008B6B77 /* FibTestTests */ = {
			isa = PBXFileSystemSynchronizedRootGroup;
			path = FibTestTests;
			sourceTree = "<group>";
		};
		C685FFC62E08F21B008B6B77 /* FibTestUITests */ = {
			isa = PBXFileSystemSynchronizedRootGroup;
			path = FibTestUITests;
			sourceTree = "<group>";
		};
/* End PBXFileSystemSynchronizedRootGroup section */

/* Begin PBXFrameworksBuildPhase section */
		C685FFA02E08F219008B6B77 /* Frameworks */ = {
			isa = PBXFrameworksBuildPhase;
			buildActionMask = 2147483647;
			files = (
			);
			runOnlyForDeploymentPostprocessing = 0;
		};
		C685FFB62E08F21B008B6B77 /* Frameworks */ = {
			isa = PBXFrameworksBuildPhase;
			buildActionMask = 2147483647;
			files = (
			);
			runOnlyForDeploymentPostprocessing = 0;
		};
		C685FFC02E08F21B008B6B77 /* Frameworks */ = {
			isa = PBXFrameworksBuildPhase;
			buildActionMask = 2147483647;
			files = (
			);
			runOnlyForDeploymentPostprocessing = 0;
		};
/* End PBXFrameworksBuildPhase section */

/* Begin PBXGroup section */
		C685FF9A2E08F219008B6B77 = {
			isa = PBXGroup;
			children = (
				C685FFA52E08F219008B6B77 /* FibTest */,
				C685FFBC2E08F21B008B6B77 /* FibTestTests */,
				C685FFC62E08F21B008B6B77 /* FibTestUITests */,
				C685FFA42E08F219008B6B77 /* Products */,
			);
			sourceTree = "<group>";
		};
		C685FFA42E08F219008B6B77 /* Products */ = {
			isa = PBXGroup;
			children = (
				C685FFA32E08F219008B6B77 /* FibTest.app */,
				C685FFB92E08F21B008B6B77 /* FibTestTests.xctest */,
				C685FFC32E08F21B008B6B77 /* FibTestUITests.xctest */,
			);
			name = Products;
			sourceTree = "<group>";
		};
/* End PBXGroup section */

/* Begin PBXNativeTarget section */
		C685FFA22E08F219008B6B77 /* FibTest */ = {
			isa = PBXNativeTarget;
			buildConfigurationList = C685FFCC2E08F21B008B6B77 /* Build configuration list for PBXNativeTarget "FibTest" */;
			buildPhases = (
				C685FF9F2E08F219008B6B77 /* Sources */,
				C685FFA02E08F219008B6B77 /* Frameworks */,
				C685FFA12E08F219008B6B77 /* Resources */,
			);
			buildRules = (
			);
			dependencies = (
			);
			fileSystemSynchronizedGroups = (
				C685FFA52E08F219008B6B77 /* FibTest */,
			);
			name = FibTest;
			packageProductDependencies = (
			);
			productName = FibTest;
			productReference = C685FFA32E08F219008B6B77 /* FibTest.app */;
			productType = "com.apple.product-type.application";
		};
		C685FFB82E08F21B008B6B77 /* FibTestTests */ = {
			isa = PBXNativeTarget;
			buildConfigurationList = C685FFD12E08F21B008B6B77 /* Build configuration list for PBXNativeTarget "FibTestTests" */;
			buildPhases = (
				C685FFB52E08F21B008B6B77 /* Sources */,
				C685FFB62E08F21B008B6B77 /* Frameworks */,
				C685FFB72E08F21B008B6B77 /* Resources */,
			);
			buildRules = (
			);
			dependencies = (
				C685FFBB2E08F21B008B6B77 /* PBXTargetDependency */,
			);
			fileSystemSynchronizedGroups = (
				C685FFBC2E08F21B008B6B77 /* FibTestTests */,
			);
			name = FibTestTests;
			packageProductDependencies = (
			);
			productName = FibTestTests;
			productReference = C685FFB92E08F21B008B6B77 /* FibTestTests.xctest */;
			productType = "com.apple.product-type.bundle.unit-test";
		};
		C685FFC22E08F21B008B6B77 /* FibTestUITests */ = {
			isa = PBXNativeTarget;
			buildConfigurationList = C685FFD42E08F21B008B6B77 /* Build configuration list for PBXNativeTarget "FibTestUITests" */;
			buildPhases = (
				C685FFBF2E08F21B008B6B77 /* Sources */,
				C685FFC02E08F21B008B6B77 /* Frameworks */,
				C685FFC12E08F21B008B6B77 /* Resources */,
			);
			buildRules = (
			);
			dependencies = (
				C685FFC52E08F21B008B6B77 /* PBXTargetDependency */,
			);
			fileSystemSynchronizedGroups = (
				C685FFC62E08F21B008B6B77 /* FibTestUITests */,
			);
			name = FibTestUITests;
			packageProductDependencies = (
			);
			productName = FibTestUITests;
			productReference = C685FFC32E08F21B008B6B77 /* FibTestUITests.xctest */;
			productType = "com.apple.product-type.bundle.ui-testing";
		};
/* End PBXNativeTarget section */

/* Begin PBXProject section */
		C685FF9B2E08F219008B6B77 /* Project object */ = {
			isa = PBXProject;
			attributes = {
				BuildIndependentTargetsInParallel = 1;
				LastSwiftUpdateCheck = 1620;
				LastUpgradeCheck = 1620;
				TargetAttributes = {
					C685FFA22E08F219008B6B77 = {
						CreatedOnToolsVersion = 16.2;
					};
					C685FFB82E08F21B008B6B77 = {
						CreatedOnToolsVersion = 16.2;
						TestTargetID = C685FFA22E08F219008B6B77;
					};
					C685FFC22E08F21B008B6B77 = {
						CreatedOnToolsVersion = 16.2;
						TestTargetID = C685FFA22E08F219008B6B77;
					};
				};
			};
			buildConfigurationList = C685FF9E2E08F219008B6B77 /* Build configuration list for PBXProject "FibTest" */;
			developmentRegion = en;
			hasScannedForEncodings = 0;
			knownRegions = (
				en,
				Base,
			);
			mainGroup = C685FF9A2E08F219008B6B77;
			minimizedProjectReferenceProxies = 1;
			preferredProjectObjectVersion = 77;
			productRefGroup = C685FFA42E08F219008B6B77 /* Products */;
			projectDirPath = "";
			projectRoot = "";
			targets = (
				C685FFA22E08F219008B6B77 /* FibTest */,
				C685FFB82E08F21B008B6B77 /* FibTestTests */,
				C685FFC22E08F21B008B6B77 /* FibTestUITests */,
			);
		};
/* End PBXProject section */

/* Begin PBXResourcesBuildPhase section */
		C685FFA12E08F219008B6B77 /* Resources */ = {
			isa = PBXResourcesBuildPhase;
			buildActionMask = 2147483647;
			files = (
			);
			runOnlyForDeploymentPostprocessing = 0;
		};
		C685FFB72E08F21B008B6B77 /* Resources */ = {
			isa = PBXResourcesBuildPhase;
			buildActionMask = 2147483647;
			files = (
			);
			runOnlyForDeploymentPostprocessing = 0;
		};
		C685FFC12E08F21B008B6B77 /* Resources */ = {
			isa = PBXResourcesBuildPhase;
			buildActionMask = 2147483647;
			files = (
			);
			runOnlyForDeploymentPostprocessing = 0;
		};
/* End PBXResourcesBuildPhase section */

/* Begin PBXSourcesBuildPhase section */
		C685FF9F2E08F219008B6B77 /* Sources */ = {
			isa = PBXSourcesBuildPhase;
			buildActionMask = 2147483647;
			files = (
			);
			runOnlyForDeploymentPostprocessing = 0;
		};
		C685FFB52E08F21B008B6B77 /* Sources */ = {
			isa = PBXSourcesBuildPhase;
			buildActionMask = 2147483647;
			files = (
			);
			runOnlyForDeploymentPostprocessing = 0;
		};
		C685FFBF2E08F21B008B6B77 /* Sources */ = {
			isa = PBXSourcesBuildPhase;
			buildActionMask = 2147483647;
			files = (
			);
			runOnlyForDeploymentPostprocessing = 0;
		};
/* End PBXSourcesBuildPhase section */

/* Begin PBXTargetDependency section */
		C685FFBB2E08F21B008B6B77 /* PBXTargetDependency */ = {
			isa = PBXTargetDependency;
			target = C685FFA22E08F219008B6B77 /* FibTest */;
			targetProxy = C685FFBA2E08F21B008B6B77 /* PBXContainerItemProxy */;
		};
		C685FFC52E08F21B008B6B77 /* PBXTargetDependency */ = {
			isa = PBXTargetDependency;
			target = C685FFA22E08F219008B6B77 /* FibTest */;
			targetProxy = C685FFC42E08F21B008B6B77 /* PBXContainerItemProxy */;
		};
/* End PBXTargetDependency section */

/* Begin XCBuildConfiguration section */
		C685FFCD2E08F21B008B6B77 /* Debug */ = {
			isa = XCBuildConfiguration;
			buildSettings = {
				ASSETCATALOG_COMPILER_APPICON_NAME = AppIcon;
				ASSETCATALOG_COMPILER_GLOBAL_ACCENT_COLOR_NAME = AccentColor;
				CODE_SIGN_STYLE = Automatic;
				CURRENT_PROJECT_VERSION = 1;
				DEVELOPMENT_TEAM = V57FSU38NH;
				GENERATE_INFOPLIST_FILE = YES;
				INFOPLIST_FILE = FibTest/Info.plist;
				INFOPLIST_KEY_UIApplicationSupportsIndirectInputEvents = YES;
				INFOPLIST_KEY_UILaunchStoryboardName = LaunchScreen;
				INFOPLIST_KEY_UIMainStoryboardFile = Main;
				INFOPLIST_KEY_UISupportedInterfaceOrientations_iPad = "UIInterfaceOrientationPortrait UIInterfaceOrientationPortraitUpsideDown UIInterfaceOrientationLandscapeLeft UIInterfaceOrientationLandscapeRight";
				INFOPLIST_KEY_UISupportedInterfaceOrientations_iPhone = "UIInterfaceOrientationPortrait UIInterfaceOrientationLandscapeLeft UIInterfaceOrientationLandscapeRight";
				LD_RUNPATH_SEARCH_PATHS = (
					"$(inherited)",
					"@executable_path/Frameworks",
				);
				MARKETING_VERSION = 1.0;
				PRODUCT_BUNDLE_IDENTIFIER = com.freddi.pedro.FibTest;
				PRODUCT_NAME = "$(TARGET_NAME)";
				SWIFT_EMIT_LOC_STRINGS = YES;
				SWIFT_VERSION = 5.0;
				TARGETED_DEVICE_FAMILY = "1,2";
			};
			name = Debug;
		};
		C685FFCE2E08F21B008B6B77 /* Release */ = {
			isa = XCBuildConfiguration;
			buildSettings = {
				ASSETCATALOG_COMPILER_APPICON_NAME = AppIcon;
				ASSETCATALOG_COMPILER_GLOBAL_ACCENT_COLOR_NAME = AccentColor;
				CODE_SIGN_STYLE = Automatic;
				CURRENT_PROJECT_VERSION = 1;
				DEVELOPMENT_TEAM = V57FSU38NH;
				GENERATE_INFOPLIST_FILE = YES;
				INFOPLIST_FILE = FibTest/Info.plist;
				INFOPLIST_KEY_UIApplicationSupportsIndirectInputEvents = YES;
				INFOPLIST_KEY_UILaunchStoryboardName = LaunchScreen;
				INFOPLIST_KEY_UIMainStoryboardFile = Main;
				INFOPLIST_KEY_UISupportedInterfaceOrientations_iPad = "UIInterfaceOrientationPortrait UIInterfaceOrientationPortraitUpsideDown UIInterfaceOrientationLandscapeLeft UIInterfaceOrientationLandscapeRight";
				INFOPLIST_KEY_UISupportedInterfaceOrientations_iPhone = "UIInterfaceOrientationPortrait UIInterfaceOrientationLandscapeLeft UIInterfaceOrientationLandscapeRight";
				LD_RUNPATH_SEARCH_PATHS = (
					"$(inherited)",
					"@executable_path/Frameworks",
				);
				MARKETING_VERSION = 1.0;
				PRODUCT_BUNDLE_IDENTIFIER = com.freddi.pedro.FibTest;
				PRODUCT_NAME = "$(TARGET_NAME)";
				SWIFT_EMIT_LOC_STRINGS = YES;
				SWIFT_VERSION = 5.0;
				TARGETED_DEVICE_FAMILY = "1,2";
			};
			name = Release;
		};
		C685FFCF2E08F21B008B6B77 /* Debug */ = {
			isa = XCBuildConfiguration;
			buildSettings = {
				ALWAYS_SEARCH_USER_PATHS = NO;
				ASSETCATALOG_COMPILER_GENERATE_SWIFT_ASSET_SYMBOL_EXTENSIONS = YES;
				CLANG_ANALYZER_NONNULL = YES;
				CLANG_ANALYZER_NUMBER_OBJECT_CONVERSION = YES_AGGRESSIVE;
				CLANG_CXX_LANGUAGE_STANDARD = "gnu++20";
				CLANG_ENABLE_MODULES = YES;
				CLANG_ENABLE_OBJC_ARC = YES;
				CLANG_ENABLE_OBJC_WEAK = YES;
				CLANG_WARN_BLOCK_CAPTURE_AUTORELEASING = YES;
				CLANG_WARN_BOOL_CONVERSION = YES;
				CLANG_WARN_COMMA = YES;
				CLANG_WARN_CONSTANT_CONVERSION = YES;
				CLANG_WARN_DEPRECATED_OBJC_IMPLEMENTATIONS = YES;
				CLANG_WARN_DIRECT_OBJC_ISA_USAGE = YES_ERROR;
				CLANG_WARN_DOCUMENTATION_COMMENTS = YES;
				CLANG_WARN_EMPTY_BODY = YES;
				CLANG_WARN_ENUM_CONVERSION = YES;
				CLANG_WARN_INFINITE_RECURSION = YES;
				CLANG_WARN_INT_CONVERSION = YES;
				CLANG_WARN_NON_LITERAL_NULL_CONVERSION = YES;
				CLANG_WARN_OBJC_IMPLICIT_RETAIN_SELF = YES;
				CLANG_WARN_OBJC_LITERAL_CONVERSION = YES;
				CLANG_WARN_OBJC_ROOT_CLASS = YES_ERROR;
				CLANG_WARN_QUOTED_INCLUDE_IN_FRAMEWORK_HEADER = YES;
				CLANG_WARN_RANGE_LOOP_ANALYSIS = YES;
				CLANG_WARN_STRICT_PROTOTYPES = YES;
				CLANG_WARN_SUSPICIOUS_MOVE = YES;
				CLANG_WARN_UNGUARDED_AVAILABILITY = YES_AGGRESSIVE;
				CLANG_WARN_UNREACHABLE_CODE = YES;
				CLANG_WARN__DUPLICATE_METHOD_MATCH = YES;
				COPY_PHASE_STRIP = NO;
				DEBUG_INFORMATION_FORMAT = dwarf;
				ENABLE_STRICT_OBJC_MSGSEND = YES;
				ENABLE_TESTABILITY = YES;
				ENABLE_USER_SCRIPT_SANDBOXING = YES;
				GCC_C_LANGUAGE_STANDARD = gnu17;
				GCC_DYNAMIC_NO_PIC = NO;
				GCC_NO_COMMON_BLOCKS = YES;
				GCC_OPTIMIZATION_LEVEL = 0;
				GCC_PREPROCESSOR_DEFINITIONS = (
					"DEBUG=1",
					"$(inherited)",
				);
				GCC_WARN_64_TO_32_BIT_CONVERSION = YES;
				GCC_WARN_ABOUT_RETURN_TYPE = YES_ERROR;
				GCC_WARN_UNDECLARED_SELECTOR = YES;
				GCC_WARN_UNINITIALIZED_AUTOS = YES_AGGRESSIVE;
				GCC_WARN_UNUSED_FUNCTION = YES;
				GCC_WARN_UNUSED_VARIABLE = YES;
				IPHONEOS_DEPLOYMENT_TARGET = 18.2;
				LOCALIZATION_PREFERS_STRING_CATALOGS = YES;
				MTL_ENABLE_DEBUG_INFO = INCLUDE_SOURCE;
				MTL_FAST_MATH = YES;
				ONLY_ACTIVE_ARCH = YES;
				SDKROOT = iphoneos;
				SWIFT_ACTIVE_COMPILATION_CONDITIONS = "DEBUG $(inherited)";
				SWIFT_OPTIMIZATION_LEVEL = "-Onone";
			};
			name = Debug;
		};
		C685FFD02E08F21B008B6B77 /* Release */ = {
			isa = XCBuildConfiguration;
			buildSettings = {
				ALWAYS_SEARCH_USER_PATHS = NO;
				ASSETCATALOG_COMPILER_GENERATE_SWIFT_ASSET_SYMBOL_EXTENSIONS = YES;
				CLANG_ANALYZER_NONNULL = YES;
				CLANG_ANALYZER_NUMBER_OBJECT_CONVERSION = YES_AGGRESSIVE;
				CLANG_CXX_LANGUAGE_STANDARD = "gnu++20";
				CLANG_ENABLE_MODULES = YES;
				CLANG_ENABLE_OBJC_ARC = YES;
				CLANG_ENABLE_OBJC_WEAK = YES;
				CLANG_WARN_BLOCK_CAPTURE_AUTORELEASING = YES;
				CLANG_WARN_BOOL_CONVERSION = YES;
				CLANG_WARN_COMMA = YES;
				CLANG_WARN_CONSTANT_CONVERSION = YES;
				CLANG_WARN_DEPRECATED_OBJC_IMPLEMENTATIONS = YES;
				CLANG_WARN_DIRECT_OBJC_ISA_USAGE = YES_ERROR;
				CLANG_WARN_DOCUMENTATION_COMMENTS = YES;
				CLANG_WARN_EMPTY_BODY = YES;
				CLANG_WARN_ENUM_CONVERSION = YES;
				CLANG_WARN_INFINITE_RECURSION = YES;
				CLANG_WARN_INT_CONVERSION = YES;
				CLANG_WARN_NON_LITERAL_NULL_CONVERSION = YES;
				CLANG_WARN_OBJC_IMPLICIT_RETAIN_SELF = YES;
				CLANG_WARN_OBJC_LITERAL_CONVERSION = YES;
				CLANG_WARN_OBJC_ROOT_CLASS = YES_ERROR;
				CLANG_WARN_QUOTED_INCLUDE_IN_FRAMEWORK_HEADER = YES;
				CLANG_WARN_RANGE_LOOP_ANALYSIS = YES;
				CLANG_WARN_STRICT_PROTOTYPES = YES;
				CLANG_WARN_SUSPICIOUS_MOVE = YES;
				CLANG_WARN_UNGUARDED_AVAILABILITY = YES_AGGRESSIVE;
				CLANG_WARN_UNREACHABLE_CODE = YES;
				CLANG_WARN__DUPLICATE_METHOD_MATCH = YES;
				COPY_PHASE_STRIP = NO;
				DEBUG_INFORMATION_FORMAT = "dwarf-with-dsym";
				ENABLE_NS_ASSERTIONS = NO;
				ENABLE_STRICT_OBJC_MSGSEND = YES;
				ENABLE_USER_SCRIPT_SANDBOXING = YES;
				GCC_C_LANGUAGE_STANDARD = gnu17;
				GCC_NO_COMMON_BLOCKS = YES;
				GCC_WARN_64_TO_32_BIT_CONVERSION = YES;
				GCC_WARN_ABOUT_RETURN_TYPE = YES_ERROR;
				GCC_WARN_UNDECLARED_SELECTOR = YES;
				GCC_WARN_UNINITIALIZED_AUTOS = YES_AGGRESSIVE;
				GCC_WARN_UNUSED_FUNCTION = YES;
				GCC_WARN_UNUSED_VARIABLE = YES;
				IPHONEOS_DEPLOYMENT_TARGET = 18.2;
				LOCALIZATION_PREFERS_STRING_CATALOGS = YES;
				MTL_ENABLE_DEBUG_INFO = NO;
				MTL_FAST_MATH = YES;
				SDKROOT = iphoneos;
				SWIFT_COMPILATION_MODE = wholemodule;
				VALIDATE_PRODUCT = YES;
			};
			name = Release;
		};
		C685FFD22E08F21B008B6B77 /* Debug */ = {
			isa = XCBuildConfiguration;
			buildSettings = {
				BUNDLE_LOADER = "$(TEST_HOST)";
				CODE_SIGN_STYLE = Automatic;
				CURRENT_PROJECT_VERSION = 1;
				DEVELOPMENT_TEAM = V57FSU38NH;
				GENERATE_INFOPLIST_FILE = YES;
				IPHONEOS_DEPLOYMENT_TARGET = 18.2;
				MARKETING_VERSION = 1.0;
				PRODUCT_BUNDLE_IDENTIFIER = com.freddi.pedro.FibTestTests;
				PRODUCT_NAME = "$(TARGET_NAME)";
				SWIFT_EMIT_LOC_STRINGS = NO;
				SWIFT_VERSION = 5.0;
				TARGETED_DEVICE_FAMILY = "1,2";
				TEST_HOST = "$(BUILT_PRODUCTS_DIR)/FibTest.app/$(BUNDLE_EXECUTABLE_FOLDER_PATH)/FibTest";
			};
			name = Debug;
		};
		C685FFD32E08F21B008B6B77 /* Release */ = {
			isa = XCBuildConfiguration;
			buildSettings = {
				BUNDLE_LOADER = "$(TEST_HOST)";
				CODE_SIGN_STYLE = Automatic;
				CURRENT_PROJECT_VERSION = 1;
				DEVELOPMENT_TEAM = V57FSU38NH;
				GENERATE_INFOPLIST_FILE = YES;
				IPHONEOS_DEPLOYMENT_TARGET = 18.2;
				MARKETING_VERSION = 1.0;
				PRODUCT_BUNDLE_IDENTIFIER = com.freddi.pedro.FibTestTests;
				PRODUCT_NAME = "$(TARGET_NAME)";
				SWIFT_EMIT_LOC_STRINGS = NO;
				SWIFT_VERSION = 5.0;
				TARGETED_DEVICE_FAMILY = "1,2";
				TEST_HOST = "$(BUILT_PRODUCTS_DIR)/FibTest.app/$(BUNDLE_EXECUTABLE_FOLDER_PATH)/FibTest";
			};
			name = Release;
		};
		C685FFD52E08F21B008B6B77 /* Debug */ = {
			isa = XCBuildConfiguration;
			buildSettings = {
				CODE_SIGN_STYLE = Automatic;
				CURRENT_PROJECT_VERSION = 1;
				DEVELOPMENT_TEAM = V57FSU38NH;
				GENERATE_INFOPLIST_FILE = YES;
				MARKETING_VERSION = 1.0;
				PRODUCT_BUNDLE_IDENTIFIER = com.freddi.pedro.FibTestUITests;
				PRODUCT_NAME = "$(TARGET_NAME)";
				SWIFT_EMIT_LOC_STRINGS = NO;
				SWIFT_VERSION = 5.0;
				TARGETED_DEVICE_FAMILY = "1,2";
				TEST_TARGET_NAME = FibTest;
			};
			name = Debug;
		};
		C685FFD62E08F21B008B6B77 /* Release */ = {
			isa = XCBuildConfiguration;
			buildSettings = {
				CODE_SIGN_STYLE = Automatic;
				CURRENT_PROJECT_VERSION = 1;
				DEVELOPMENT_TEAM = V57FSU38NH;
				GENERATE_INFOPLIST_FILE = YES;
				MARKETING_VERSION = 1.0;
				PRODUCT_BUNDLE_IDENTIFIER = com.freddi.pedro.FibTestUITests;
				PRODUCT_NAME = "$(TARGET_NAME)";
				SWIFT_EMIT_LOC_STRINGS = NO;
				SWIFT_VERSION = 5.0;
				TARGETED_DEVICE_FAMILY = "1,2";
				TEST_TARGET_NAME = FibTest;
			};
			name = Release;
		};
/* End XCBuildConfiguration section */

/* Begin XCConfigurationList section */
		C685FF9E2E08F219008B6B77 /* Build configuration list for PBXProject "FibTest" */ = {
			isa = XCConfigurationList;
			buildConfigurations = (
				C685FFCF2E08F21B008B6B77 /* Debug */,
				C685FFD02E08F21B008B6B77 /* Release */,
			);
			defaultConfigurationIsVisible = 0;
			defaultConfigurationName = Release;
		};
		C685FFCC2E08F21B008B6B77 /* Build configuration list for PBXNativeTarget "FibTest" */ = {
			isa = XCConfigurationList;
			buildConfigurations = (
				C685FFCD2E08F21B008B6B77 /* Debug */,
				C685FFCE2E08F21B008B6B77 /* Release */,
			);
			defaultConfigurationIsVisible = 0;
			defaultConfigurationName = Release;
		};
		C685FFD12E08F21B008B6B77 /* Build configuration list for PBXNativeTarget "FibTestTests" */ = {
			isa = XCConfigurationList;
			buildConfigurations = (
				C685FFD22E08F21B008B6B77 /* Debug */,
				C685FFD32E08F21B008B6B77 /* Release */,
			);
			defaultConfigurationIsVisible = 0;
			defaultConfigurationName = Release;
		};
		C685FFD42E08F21B008B6B77 /* Build configuration list for PBXNativeTarget "FibTestUITests" */ = {
			isa = XCConfigurationList;
			buildConfigurations = (
				C685FFD52E08F21B008B6B77 /* Debug */,
				C685FFD62E08F21B008B6B77 /* Release */,
			);
			defaultConfigurationIsVisible = 0;
			defaultConfigurationName = Release;
		};
/* End XCConfigurationList section */
	};
	rootObject = C685FF9B2E08F219008B6B77 /* Project object */;
}
